
Microsoft Visual Studio Solution File, Format Version 12.00
# Visual Studio 2012
Project("{8BC9CEB8-8B4A-11D0-8D11-00A0C91BC942}") = "WebKit", "WebKit.vcxproj", "{0CDDAD08-DD43-4951-93D9-37D67ED6B17A}"
EndProject
Global
	GlobalSection(SolutionConfigurationPlatforms) = preSolution
		Debug|Win32 = Debug|Win32
		Release|Win32 = Release|Win32
	EndGlobalSection
	GlobalSection(ProjectConfigurationPlatforms) = postSolution
		{0CDDAD08-DD43-4951-93D9-37D67ED6B17A}.Debug|Win32.ActiveCfg = Debug|Win32
		{0CDDAD08-DD43-4951-93D9-37D67ED6B17A}.Debug|Win32.Build.0 = Debug|Win32
		{0CDDAD08-DD43-4951-93D9-37D67ED6B17A}.Release|Win32.ActiveCfg = Release|Win32
		{0CDDAD08-DD43-4951-93D9-37D67ED6B17A}.Release|Win32.Build.0 = Release|Win32
	EndGlobalSection
	GlobalSection(SolutionProperties) = preSolution
		HideSolutionNode = FALSE
	EndGlobalSection
EndGlobal
